
Microsoft Visual Studio Solution File, Format Version 12.00
# Visual Studio Version 17
VisualStudioVersion = 17.2.32616.157
MinimumVisualStudioVersion = 10.0.40219.1
Project("{8BC9CEB8-8B4A-11D0-8D11-00A0C91BC942}") = "HelloCStudy08", "HelloCStudy08\HelloCStudy08.vcxproj", "{D9706AC1-749D-4183-B02C-3D1EAFCA945C}"
EndProject
Global
	GlobalSection(SolutionConfigurationPlatforms) = preSolution
		Debug|x64 = Debug|x64
		Debug|x86 = Debug|x86
		Release|x64 = Release|x64
		Release|x86 = Release|x86
	EndGlobalSection
	GlobalSection(ProjectConfigurationPlatforms) = postSolution
		{D9706AC1-749D-4183-B02C-3D1EAFCA945C}.Debug|x64.ActiveCfg = Debug|x64
		{D9706AC1-749D-4183-B02C-3D1EAFCA945C}.Debug|x64.Build.0 = Debug|x64
		{D9706AC1-749D-4183-B02C-3D1EAFCA945C}.Debug|x86.ActiveCfg = Debug|Win32
		{D9706AC1-749D-4183-B02C-3D1EAFCA945C}.Debug|x86.Build.0 = Debug|Win32
		{D9706AC1-749D-4183-B02C-3D1EAFCA945C}.Release|x64.ActiveCfg = Release|x64
		{D9706AC1-749D-4183-B02C-3D1EAFCA945C}.Release|x64.Build.0 = Release|x64
		{D9706AC1-749D-4183-B02C-3D1EAFCA945C}.Release|x86.ActiveCfg = Release|Win32
		{D9706AC1-749D-4183-B02C-3D1EAFCA945C}.Release|x86.Build.0 = Release|Win32
	EndGlobalSection
	GlobalSection(SolutionProperties) = preSolution
		HideSolutionNode = FALSE
	EndGlobalSection
	GlobalSection(ExtensibilityGlobals) = postSolution
		SolutionGuid = {ECD9E708-33A1-4779-B74D-4BBF7B1C098B}
	EndGlobalSection
EndGlobal
